{
  "name": "livan-client",
  "version": "0.1.0",
  "lockfileVersion": 1,
  "dependencies": {
    "sass-material-colors": {
      "version": "0.0.5",
      "resolved": "https://registry.npmjs.org/sass-material-colors/-/sass-material-colors-0.0.5.tgz",
      "integrity": "sha1-uURTkjbJTi1OzjXS7j+iLxCy7UM=",
      "dev": true
    }
  }
}
